
Microsoft Visual Studio Solution File, Format Version 12.00
# Visual Studio 14
VisualStudioVersion = 14.0.22823.1
MinimumVisualStudioVersion = 10.0.40219.1
Project("{FAE04EC0-301F-11D3-BF4B-00C04F79EFBC}") = "Task5Methods", "Task5Methods\Task5Methods.csproj", "{2346BE19-5A45-4464-8180-81C74940F17C}"
EndProject
Project("{FAE04EC0-301F-11D3-BF4B-00C04F79EFBC}") = "Task6Return", "Task6Return\Task6Return.csproj", "{8A369C98-3C96-49A4-A427-78E7D8E918FC}"
EndProject
Project("{FAE04EC0-301F-11D3-BF4B-00C04F79EFBC}") = "Task7MethodMassiv", "Task7MethodMassiv\Task7MethodMassiv.csproj", "{52852216-73A3-4B22-A0DB-FB0DFD53409B}"
EndProject
Global
	GlobalSection(SolutionConfigurationPlatforms) = preSolution
		Debug|Any CPU = Debug|Any CPU
		Release|Any CPU = Release|Any CPU
	EndGlobalSection
	GlobalSection(ProjectConfigurationPlatforms) = postSolution
		{2346BE19-5A45-4464-8180-81C74940F17C}.Debug|Any CPU.ActiveCfg = Debug|Any CPU
		{2346BE19-5A45-4464-8180-81C74940F17C}.Debug|Any CPU.Build.0 = Debug|Any CPU
		{2346BE19-5A45-4464-8180-81C74940F17C}.Release|Any CPU.ActiveCfg = Release|Any CPU
		{2346BE19-5A45-4464-8180-81C74940F17C}.Release|Any CPU.Build.0 = Release|Any CPU
		{8A369C98-3C96-49A4-A427-78E7D8E918FC}.Debug|Any CPU.ActiveCfg = Debug|Any CPU
		{8A369C98-3C96-49A4-A427-78E7D8E918FC}.Debug|Any CPU.Build.0 = Debug|Any CPU
		{8A369C98-3C96-49A4-A427-78E7D8E918FC}.Release|Any CPU.ActiveCfg = Release|Any CPU
		{8A369C98-3C96-49A4-A427-78E7D8E918FC}.Release|Any CPU.Build.0 = Release|Any CPU
		{52852216-73A3-4B22-A0DB-FB0DFD53409B}.Debug|Any CPU.ActiveCfg = Debug|Any CPU
		{52852216-73A3-4B22-A0DB-FB0DFD53409B}.Debug|Any CPU.Build.0 = Debug|Any CPU
		{52852216-73A3-4B22-A0DB-FB0DFD53409B}.Release|Any CPU.ActiveCfg = Release|Any CPU
		{52852216-73A3-4B22-A0DB-FB0DFD53409B}.Release|Any CPU.Build.0 = Release|Any CPU
	EndGlobalSection
	GlobalSection(SolutionProperties) = preSolution
		HideSolutionNode = FALSE
	EndGlobalSection
EndGlobal
