
Microsoft Visual Studio Solution File, Format Version 12.00
# Visual Studio 14
VisualStudioVersion = 14.0.22823.1
MinimumVisualStudioVersion = 10.0.40219.1
Project("{FAE04EC0-301F-11D3-BF4B-00C04F79EFBC}") = "MassivTask", "MassivTask\MassivTask.csproj", "{6A7F8BC0-228C-4027-B510-B8080D8B938E}"
EndProject
Project("{FAE04EC0-301F-11D3-BF4B-00C04F79EFBC}") = "ForEach", "ForEach\ForEach.csproj", "{862E3C66-3CFE-4C5C-AC07-597C6654F837}"
EndProject
Project("{FAE04EC0-301F-11D3-BF4B-00C04F79EFBC}") = "MassivTask2", "MassivTask2\MassivTask2.csproj", "{8AD29452-0AB4-44B4-88F1-1FA96F5196E0}"
EndProject
Project("{FAE04EC0-301F-11D3-BF4B-00C04F79EFBC}") = "MassivTask3", "Task3\MassivTask3.csproj", "{05F94D81-673F-4219-9F14-38FAA9A7F3C0}"
EndProject
Global
	GlobalSection(SolutionConfigurationPlatforms) = preSolution
		Debug|Any CPU = Debug|Any CPU
		Release|Any CPU = Release|Any CPU
	EndGlobalSection
	GlobalSection(ProjectConfigurationPlatforms) = postSolution
		{6A7F8BC0-228C-4027-B510-B8080D8B938E}.Debug|Any CPU.ActiveCfg = Debug|Any CPU
		{6A7F8BC0-228C-4027-B510-B8080D8B938E}.Debug|Any CPU.Build.0 = Debug|Any CPU
		{6A7F8BC0-228C-4027-B510-B8080D8B938E}.Release|Any CPU.ActiveCfg = Release|Any CPU
		{6A7F8BC0-228C-4027-B510-B8080D8B938E}.Release|Any CPU.Build.0 = Release|Any CPU
		{862E3C66-3CFE-4C5C-AC07-597C6654F837}.Debug|Any CPU.ActiveCfg = Debug|Any CPU
		{862E3C66-3CFE-4C5C-AC07-597C6654F837}.Debug|Any CPU.Build.0 = Debug|Any CPU
		{862E3C66-3CFE-4C5C-AC07-597C6654F837}.Release|Any CPU.ActiveCfg = Release|Any CPU
		{862E3C66-3CFE-4C5C-AC07-597C6654F837}.Release|Any CPU.Build.0 = Release|Any CPU
		{8AD29452-0AB4-44B4-88F1-1FA96F5196E0}.Debug|Any CPU.ActiveCfg = Debug|Any CPU
		{8AD29452-0AB4-44B4-88F1-1FA96F5196E0}.Debug|Any CPU.Build.0 = Debug|Any CPU
		{8AD29452-0AB4-44B4-88F1-1FA96F5196E0}.Release|Any CPU.ActiveCfg = Release|Any CPU
		{8AD29452-0AB4-44B4-88F1-1FA96F5196E0}.Release|Any CPU.Build.0 = Release|Any CPU
		{05F94D81-673F-4219-9F14-38FAA9A7F3C0}.Debug|Any CPU.ActiveCfg = Debug|Any CPU
		{05F94D81-673F-4219-9F14-38FAA9A7F3C0}.Debug|Any CPU.Build.0 = Debug|Any CPU
		{05F94D81-673F-4219-9F14-38FAA9A7F3C0}.Release|Any CPU.ActiveCfg = Release|Any CPU
		{05F94D81-673F-4219-9F14-38FAA9A7F3C0}.Release|Any CPU.Build.0 = Release|Any CPU
	EndGlobalSection
	GlobalSection(SolutionProperties) = preSolution
		HideSolutionNode = FALSE
	EndGlobalSection
EndGlobal
